
Microsoft Visual Studio Solution File, Format Version 12.00
# Visual Studio Version 17
VisualStudioVersion = 17.7.34018.315
MinimumVisualStudioVersion = 10.0.40219.1
Project("{8BC9CEB8-8B4A-11D0-8D11-00A0C91BC942}") = "Binary Expression Tree Project", "Binary Expression Tree Project.vcxproj", "{743AE333-D1C8-4932-9121-3D6042115851}"
EndProject
Global
	GlobalSection(SolutionConfigurationPlatforms) = preSolution
		Debug|x64 = Debug|x64
		Debug|x86 = Debug|x86
		Release|x64 = Release|x64
		Release|x86 = Release|x86
	EndGlobalSection
	GlobalSection(ProjectConfigurationPlatforms) = postSolution
		{743AE333-D1C8-4932-9121-3D6042115851}.Debug|x64.ActiveCfg = Debug|x64
		{743AE333-D1C8-4932-9121-3D6042115851}.Debug|x64.Build.0 = Debug|x64
		{743AE333-D1C8-4932-9121-3D6042115851}.Debug|x86.ActiveCfg = Debug|Win32
		{743AE333-D1C8-4932-9121-3D6042115851}.Debug|x86.Build.0 = Debug|Win32
		{743AE333-D1C8-4932-9121-3D6042115851}.Release|x64.ActiveCfg = Release|x64
		{743AE333-D1C8-4932-9121-3D6042115851}.Release|x64.Build.0 = Release|x64
		{743AE333-D1C8-4932-9121-3D6042115851}.Release|x86.ActiveCfg = Release|Win32
		{743AE333-D1C8-4932-9121-3D6042115851}.Release|x86.Build.0 = Release|Win32
	EndGlobalSection
	GlobalSection(SolutionProperties) = preSolution
		HideSolutionNode = FALSE
	EndGlobalSection
	GlobalSection(ExtensibilityGlobals) = postSolution
		SolutionGuid = {44170C40-6383-4198-ADEC-E2E6C9A1E8BA}
	EndGlobalSection
EndGlobal
